
Microsoft Visual Studio Solution File, Format Version 12.00
# Visual Studio 2013
VisualStudioVersion = 12.0.30110.0
MinimumVisualStudioVersion = 10.0.40219.1
Project("{FAE04EC0-301F-11D3-BF4B-00C04F79EFBC}") = "MultiType", "MultiType\MultiType.csproj", "{F5AA3869-EFDA-4963-AC2A-10BC14BFA7DD}"
EndProject
Project("{FAE04EC0-301F-11D3-BF4B-00C04F79EFBC}") = "MultiServer", "MultiServer\MultiServer.csproj", "{8F50E70F-83E3-4997-94DB-F261B728D998}"
EndProject
Project("{FAE04EC0-301F-11D3-BF4B-00C04F79EFBC}") = "MultiServer.Tests", "MultiServer.Tests\MultiServer.Tests.csproj", "{CA79DC30-89EB-4183-A0CF-E23893FBCDB9}"
EndProject
Project("{2150E333-8FDC-42A3-9474-1A3956D46DE8}") = ".nuget", ".nuget", "{72AF219A-4279-42A4-A9CE-22378B4926A2}"
EndProject
Global
	GlobalSection(SolutionConfigurationPlatforms) = preSolution
		Debug|Any CPU = Debug|Any CPU
		Release|Any CPU = Release|Any CPU
	EndGlobalSection
	GlobalSection(ProjectConfigurationPlatforms) = postSolution
		{F5AA3869-EFDA-4963-AC2A-10BC14BFA7DD}.Debug|Any CPU.ActiveCfg = Debug|Any CPU
		{F5AA3869-EFDA-4963-AC2A-10BC14BFA7DD}.Debug|Any CPU.Build.0 = Debug|Any CPU
		{F5AA3869-EFDA-4963-AC2A-10BC14BFA7DD}.Release|Any CPU.ActiveCfg = Release|Any CPU
		{F5AA3869-EFDA-4963-AC2A-10BC14BFA7DD}.Release|Any CPU.Build.0 = Release|Any CPU
		{8F50E70F-83E3-4997-94DB-F261B728D998}.Debug|Any CPU.ActiveCfg = Debug|Any CPU
		{8F50E70F-83E3-4997-94DB-F261B728D998}.Debug|Any CPU.Build.0 = Debug|Any CPU
		{8F50E70F-83E3-4997-94DB-F261B728D998}.Release|Any CPU.ActiveCfg = Release|Any CPU
		{8F50E70F-83E3-4997-94DB-F261B728D998}.Release|Any CPU.Build.0 = Release|Any CPU
		{CA79DC30-89EB-4183-A0CF-E23893FBCDB9}.Debug|Any CPU.ActiveCfg = Debug|Any CPU
		{CA79DC30-89EB-4183-A0CF-E23893FBCDB9}.Debug|Any CPU.Build.0 = Debug|Any CPU
		{CA79DC30-89EB-4183-A0CF-E23893FBCDB9}.Release|Any CPU.ActiveCfg = Release|Any CPU
		{CA79DC30-89EB-4183-A0CF-E23893FBCDB9}.Release|Any CPU.Build.0 = Release|Any CPU
	EndGlobalSection
	GlobalSection(SolutionProperties) = preSolution
		HideSolutionNode = FALSE
	EndGlobalSection
EndGlobal
